
Microsoft Visual Studio Solution File, Format Version 12.00
# Visual Studio Version 17
VisualStudioVersion = 17.0.32112.339
MinimumVisualStudioVersion = 10.0.40219.1
Project("{9A19103F-16F7-4668-BE54-9A1E7A4F7556}") = "QuickstartIdentityServer", "QuickstartIdentityServer\QuickstartIdentityServer.csproj", "{C8C9AD34-2DB9-4FDE-BF96-13D599B6E594}"
EndProject
Global
	GlobalSection(SolutionConfigurationPlatforms) = preSolution
		Debug|Any CPU = Debug|Any CPU
		Release|Any CPU = Release|Any CPU
	EndGlobalSection
	GlobalSection(ProjectConfigurationPlatforms) = postSolution
		{C8C9AD34-2DB9-4FDE-BF96-13D599B6E594}.Debug|Any CPU.ActiveCfg = Debug|Any CPU
		{C8C9AD34-2DB9-4FDE-BF96-13D599B6E594}.Debug|Any CPU.Build.0 = Debug|Any CPU
		{C8C9AD34-2DB9-4FDE-BF96-13D599B6E594}.Release|Any CPU.ActiveCfg = Release|Any CPU
		{C8C9AD34-2DB9-4FDE-BF96-13D599B6E594}.Release|Any CPU.Build.0 = Release|Any CPU
	EndGlobalSection
	GlobalSection(SolutionProperties) = preSolution
		HideSolutionNode = FALSE
	EndGlobalSection
	GlobalSection(ExtensibilityGlobals) = postSolution
		SolutionGuid = {BBE360CF-F4B8-444A-AEA0-EB05D47D3322}
	EndGlobalSection
EndGlobal
